
Microsoft Visual Studio Solution File, Format Version 12.00
# Visual Studio Version 17
VisualStudioVersion = 17.7.34009.444
MinimumVisualStudioVersion = 10.0.40219.1
Project("{FAE04EC0-301F-11D3-BF4B-00C04F79EFBC}") = "presentacion", "landing\presentacion.csproj", "{A41F9930-2008-42C4-8926-C8E4FE029A8D}"
EndProject
Project("{FAE04EC0-301F-11D3-BF4B-00C04F79EFBC}") = "Dominio", "Dominio\Dominio.csproj", "{A2D15BB7-EA46-41EF-ACCA-B2AAA7AFA086}"
EndProject
Project("{FAE04EC0-301F-11D3-BF4B-00C04F79EFBC}") = "Negocio", "Negocio\Negocio.csproj", "{2E98EFF0-2384-4D22-AC03-ECEC8B1063FB}"
EndProject
Global
	GlobalSection(SolutionConfigurationPlatforms) = preSolution
		Debug|Any CPU = Debug|Any CPU
		Release|Any CPU = Release|Any CPU
	EndGlobalSection
	GlobalSection(ProjectConfigurationPlatforms) = postSolution
		{A41F9930-2008-42C4-8926-C8E4FE029A8D}.Debug|Any CPU.ActiveCfg = Debug|Any CPU
		{A41F9930-2008-42C4-8926-C8E4FE029A8D}.Debug|Any CPU.Build.0 = Debug|Any CPU
		{A41F9930-2008-42C4-8926-C8E4FE029A8D}.Release|Any CPU.ActiveCfg = Release|Any CPU
		{A41F9930-2008-42C4-8926-C8E4FE029A8D}.Release|Any CPU.Build.0 = Release|Any CPU
		{A2D15BB7-EA46-41EF-ACCA-B2AAA7AFA086}.Debug|Any CPU.ActiveCfg = Debug|Any CPU
		{A2D15BB7-EA46-41EF-ACCA-B2AAA7AFA086}.Debug|Any CPU.Build.0 = Debug|Any CPU
		{A2D15BB7-EA46-41EF-ACCA-B2AAA7AFA086}.Release|Any CPU.ActiveCfg = Release|Any CPU
		{A2D15BB7-EA46-41EF-ACCA-B2AAA7AFA086}.Release|Any CPU.Build.0 = Release|Any CPU
		{2E98EFF0-2384-4D22-AC03-ECEC8B1063FB}.Debug|Any CPU.ActiveCfg = Debug|Any CPU
		{2E98EFF0-2384-4D22-AC03-ECEC8B1063FB}.Debug|Any CPU.Build.0 = Debug|Any CPU
		{2E98EFF0-2384-4D22-AC03-ECEC8B1063FB}.Release|Any CPU.ActiveCfg = Release|Any CPU
		{2E98EFF0-2384-4D22-AC03-ECEC8B1063FB}.Release|Any CPU.Build.0 = Release|Any CPU
	EndGlobalSection
	GlobalSection(SolutionProperties) = preSolution
		HideSolutionNode = FALSE
	EndGlobalSection
	GlobalSection(ExtensibilityGlobals) = postSolution
		SolutionGuid = {2C72C230-F62F-4398-9CDE-B3713C38F0F2}
	EndGlobalSection
EndGlobal
